
Microsoft Visual Studio Solution File, Format Version 12.00
# Visual Studio Version 16
VisualStudioVersion = 16.0.29709.97
MinimumVisualStudioVersion = 10.0.40219.1
Project("{FAE04EC0-301F-11D3-BF4B-00C04F79EFBC}") = "WebApiDemo", "WebApiDemo.csproj", "{AB3A8856-E828-40C2-9DB5-E8F46C8BAA11}"
EndProject
Global
	GlobalSection(SolutionConfigurationPlatforms) = preSolution
		Debug|Any CPU = Debug|Any CPU
		Release|Any CPU = Release|Any CPU
	EndGlobalSection
	GlobalSection(ProjectConfigurationPlatforms) = postSolution
		{AB3A8856-E828-40C2-9DB5-E8F46C8BAA11}.Debug|Any CPU.ActiveCfg = Debug|Any CPU
		{AB3A8856-E828-40C2-9DB5-E8F46C8BAA11}.Debug|Any CPU.Build.0 = Debug|Any CPU
		{AB3A8856-E828-40C2-9DB5-E8F46C8BAA11}.Release|Any CPU.ActiveCfg = Release|Any CPU
		{AB3A8856-E828-40C2-9DB5-E8F46C8BAA11}.Release|Any CPU.Build.0 = Release|Any CPU
	EndGlobalSection
	GlobalSection(SolutionProperties) = preSolution
		HideSolutionNode = FALSE
	EndGlobalSection
	GlobalSection(ExtensibilityGlobals) = postSolution
		SolutionGuid = {447238F0-B57E-46A5-8961-40433A2F387A}
	EndGlobalSection
EndGlobal
